
Microsoft Visual Studio Solution File, Format Version 12.00
Project("{FAE04EC0-301F-11D3-BF4B-00C04F79EFBC}") = "keyemulator-service", "keyemulator-service\keyemulator-service.csproj", "{BC08DA20-7453-400B-B743-3AD48169A9AD}"
EndProject
Global
	GlobalSection(SolutionConfigurationPlatforms) = preSolution
		Debug|Any CPU = Debug|Any CPU
		Release|Any CPU = Release|Any CPU
	EndGlobalSection
	GlobalSection(ProjectConfigurationPlatforms) = postSolution
		{BC08DA20-7453-400B-B743-3AD48169A9AD}.Debug|Any CPU.ActiveCfg = Debug|Any CPU
		{BC08DA20-7453-400B-B743-3AD48169A9AD}.Debug|Any CPU.Build.0 = Debug|Any CPU
		{BC08DA20-7453-400B-B743-3AD48169A9AD}.Release|Any CPU.ActiveCfg = Release|Any CPU
		{BC08DA20-7453-400B-B743-3AD48169A9AD}.Release|Any CPU.Build.0 = Release|Any CPU
	EndGlobalSection
EndGlobal
